cel.dev/expr v0.25.3 h1:A2jO8jwOugrrovveCWfj0KEZOfqiLgAcwjpHPhzIGw0=
cel.dev/expr v0.25.3/go.mod h1:hrXvqGP6G6gyx8UAHSHJ5RGk//1Oj5nXQ2NI02Nrsg4=
cloud.google.com/go v0.123.0 h1:2NAUJwPR47q+E35uaJeYoNhuNEM9kM8SjgRgdeOJUSE=
cloud.google.com/go v0.123.0/go.mod h1:xBoMV08QcqUGuPW65Qfm1o9Y4zKZBpGS+7bImXLTAZU=
cloud.google.com/go/auth v0.24.0 h1:UYMbF8otPZnLAkNJ5/LYQYOq0ARcJS1P4JqTeMKbCYU=
cloud.google.com/go/auth v0.24.0/go.mod h1:IFG/AMA1VWfuTrdbieEsB2GcpJyJV/phGAvogkOoPR4=
cloud.google.com/go/auth/oauth2adapt v0.3.0 h1:FY8oSZpCYoUNv6QxVODuMjQz4IlSOVeiQtZ08vLPz88=
cloud.google.com/go/auth/oauth2adapt v0.3.0/go.mod h1:7+2uCm7++XFO+/lN06c2HXpDXb/NMNn2/UwyBPbTnkk=
cloud.google.com/go/compute/metadata v0.10.0 h1:pyKMUQSwchgkIBBJGdILqQbs/BNJXqwSA7Ej6LAvvtY=
cloud.google.com/go/compute/metadata v0.10.0/go.mod h1:rGFHRrIif570kSibjFTMbt6/4/tzgJWFGI/HVol4GIk=
cloud.google.com/go/iam v1.14.0 h1:YRIB1/4xxwJ+NfI6RQr1WaOoHHeV0MizJEj940nBXJA=
cloud.google.com/go/iam v1.14.0/go.mod h1:JTPZfbHdGXJrOYREtkRoFzCDGaBdbA7ILLKO/DDuav0=
cloud.google.com/go/logging v1.20.0 h1:l7yzCB8/JSY5PHT9RsaqdT1jaBGbM6KlSJDX210HlXM=
cloud.google.com/go/logging v1.20.0/go.mod h1:ALUaJQZM691Eeujy9kFx0xREq3AMPuGd+pTRZuTYv+w=
cloud.google.com/go/longrunning v1.3.0 h1:lZ6c8SJJBmILp/Wnr3vGnBLa0q+cYfSHRCcUfVI2hpI=
cloud.google.com/go/longrunning v1.3.0/go.mod h1:wpgLxCn+UA3/TZ1bj/fW39mfDpwVlMPu1xKJyoMt7V0=
cloud.google.com/go/monitoring v1.31.0 h1:LCuAoYiq8snyL/eDAG/VC73uWFXeax8+YEfmoNGJUrY=
cloud.google.com/go/monitoring v1.31.0/go.mod h1:7uk2dIJIf7ra64dI1VuQ0ttoFqvtKjdzq46u6zNP1hU=
cloud.google.com/go/storage v1.69.0 h1:jAAMC1411HEh78nKsU0Zns+eFj3TnhjAWIhg5Ud/XBM=
cloud.google.com/go/storage v1.69.0/go.mod h1:PELYsxTYm2peE4mwLEC1+mS1dA/kUSRUxNv56rOy44g=
cloud.google.com/go/trace v1.16.0 h1:GmQovzFc5F0CNfl0VLgL64aoTtu7xsM0YajW2GlG9+E=
cloud.google.com/go/trace v1.16.0/go.mod h1:r+bdAn16dKLSV1G2D5v3e58IlQlizfxWrUfjx7kM7X0=
github.com/Backblaze/blazer v0.8.0 h1:Nzkw1fjtjuKc04q1EKkRiFQt1F8uEWT9h9AaHLFL6TE=
github.com/Backblaze/blazer v0.8.0/go.mod h1:T4y3EYa9IQ5J0PKc/C/J8/CEnSd3qa/lgNw938wZg10=
github.com/BlueMonday/go-scryfall v0.10.0 h1:ix+36gE+f7CVnla5Px9nGuiKe6bpKOc1M7/rx+eQkcs=
github.com/BlueMonday/go-scryfall v0.10.0/go.mod h1:guxMCLC6GnOXIAk6zcpkAtJzTnOfV6glcJgx4ztPQ9o=
github.com/GoogleCloudPlatform/opentelemetry-operations-go/detectors/gcp v1.38.0 h1:rmzbFS2CkHq0y2L5LkMVWm+QXjjNEXxjmhrJqga/QGk=
github.com/GoogleCloudPlatform/opentelemetry-operations-go/detectors/gcp v1.38.0/go.mod h1:iIyrdhveU5Ow84ipRlxtjCOQnIM0DiqSMxuxm50xwZY=
github.com/GoogleCloudPlatform/opentelemetry-operations-go/exporter/metric v0.62.0 h1:5y2LR2pripbccOte6BpZ+guv5O5W0OQIfKvUYZrGaAQ=
github.com/GoogleCloudPlatform/opentelemetry-operations-go/exporter/metric v0.62.0/go.mod h1:b3f7EifFRqkVt142USoGIP62uUeZm7ALCPrs1ZjWXYo=
github.com/GoogleCloudPlatform/opentelemetry-operations-go/internal/cloudmock v0.62.0 h1:tRsXhJnn0w0TNwJpVrB94wsrimzjWKFzdQlUhRdNUzc=
github.com/GoogleCloudPlatform/opentelemetry-operations-go/internal/cloudmock v0.62.0/go.mod h1:ifhe5teRNcbxg9p353DhOkOgczzL/IBLYFqT1cm1zpM=
github.com/GoogleCloudPlatform/opentelemetry-operations-go/internal/resourcemapping v0.62.0 h1:aPMa5qZU9dp4fU34o+jQgVIPFIOi20oxYg8TLigmZLg=
github.com/GoogleCloudPlatform/opentelemetry-operations-go/internal/resourcemapping v0.62.0/go.mod h1:sg6Wqbl0BKKZ5zKnQj2q0qic/3ziF894SCx1LpbX37Y=
github.com/PuerkitoBio/goquery v1.13.0 h1:mqHbjD7Jmnul4DTR24LKTjo1uUmHUh072kteGV+xpFM=
github.com/PuerkitoBio/goquery v1.13.0/go.mod h1:Hip5mdBL8K2wEGKJdr27sRaNwIdDajmCwB/ExUPwW+g=
github.com/andres-erbsen/clock v0.0.0-20160526145045-9e14626cd129 h1:MzBOUgng9orim59UnfUTLRjMpd09C5uEVQ6RPGeCaVI=
github.com/andres-erbsen/clock v0.0.0-20160526145045-9e14626cd129/go.mod h1:rFgpPQZYZ8vdbc+48xibu8ALc3yeyd64IhHS+PU6Yyg=
github.com/andybalholm/cascadia v1.3.4 h1:vM2lgh0Vru9Vwyfm4cQqWP2HHMW0u0+2PAW7Q38Qufg=
github.com/andybalholm/cascadia v1.3.4/go.mod h1:BLRmbRjpEtNKieZOCCvYj4RqN+KRA41GBe/5O+G93kM=
github.com/aws/aws-sdk-go-v2 v1.47.1 h1:uOIZnp4PK3ZhKI0dNrJrhTEsLxbpXHTAJlwoS1pvAtw=
github.com/aws/aws-sdk-go-v2 v1.47.1/go.mod h1:bttEH6JqnUL8LepvDVfdrds/fZ5bCIxzpe3abyUrhDU=
github.com/aws/aws-sdk-go-v2/aws/protocol/eventstream v1.7.20 h1:GPRlPwz40I2B2VrBEASOA3Bi77NyeqejNLkifosX0rs=
github.com/aws/aws-sdk-go-v2/aws/protocol/eventstream v1.7.20/go.mod h1:g7PNzKcsOKWb4fkSRBA7BZVAS6Y8IcxzN+nRohhQ1Q8=
github.com/aws/aws-sdk-go-v2/config v1.33.6 h1:MBjkSTLczek/UgiK+EYPIoRTqE7gP8vtW3OFbFo7Nug=
github.com/aws/aws-sdk-go-v2/config v1.33.6/go.mod h1:grRAFzdAZJrwcbasJRg2MPvIrVjtlfXllHssN6+E1JE=
github.com/aws/aws-sdk-go-v2/credentials v1.20.6 h1:NpAFXCU7NzXNkdGK3zQTtsRJ+3v9tZQV0xcdRw8uBdw=
github.com/aws/aws-sdk-go-v2/credentials v1.20.6/go.mod h1:mcZCoiPnyMvP8VMNbygNX5lLqSlkYJIMPODylQMurOk=
github.com/aws/aws-sdk-go-v2/feature/ec2/imds v1.20.1 h1:8gALAAmacnIXh+z6VkdDanv4/IkG5APdg4DZLDTmLog=
github.com/aws/aws-sdk-go-v2/feature/ec2/imds v1.20.1/go.mod h1:Z7IJhJU+poOdJjUR2wpyY21ossQ1XS/R3Lk9Msq5kM4=
github.com/aws/aws-sdk-go-v2/feature/s3/manager v1.23.11 h1:wgxEej5cFj+EfutuAPZPIFcMvQ3Doamt01lMtPoMpls=
github.com/aws/aws-sdk-go-v2/feature/s3/manager v1.23.11/go.mod h1:dMcCQXtMtzVmEUO7YO+1xtYAvo8BcKgnN3Wppo8hbmA=
github.com/aws/aws-sdk-go-v2/internal/configsources v1.5.4 h1:CLq4+8UHCI+ZZYl/EuJxXovaIVN2xeeT8JV+dsApQ5E=
github.com/aws/aws-sdk-go-v2/internal/configsources v1.5.4/go.mod h1:Wv4q5sAM04xAMkoOedxLx2inVf6K5FdxYp+A61L+q/0=
github.com/aws/aws-sdk-go-v2/internal/endpoints/v2 v2.8.4 h1:dD4MR81I7YkpEBRk6UP9rocC2QnT3qVuXwzlYTtfGEs=
github.com/aws/aws-sdk-go-v2/internal/endpoints/v2 v2.8.4/go.mod h1:EcXV1kAFd5XwSkDHlj94gnF3q5CkJyYiIJfH8N0VmrE=
github.com/aws/aws-sdk-go-v2/internal/v4a v1.5.4 h1:7Wo47d/xn/7KttCSBd8EGYeZ7ULRFRkUHr6vkZPBzVQ=
github.com/aws/aws-sdk-go-v2/internal/v4a v1.5.4/go.mod h1:tDB2IVC1xC3vX8o+6uRlzhTxP3g1b77CZXFX/oD2FnQ=
github.com/aws/aws-sdk-go-v2/service/internal/accept-encoding v1.13.19 h1:bAdDl/HkGCcGPoe25ToSHEw23VIxt6CT5fLcg111BKg=
github.com/aws/aws-sdk-go-v2/service/internal/accept-encoding v1.13.19/go.mod h1:KaUzbLxv4CeSxh6ZCl9B4m7CuFenS8kUEaDs+f/DQr4=
github.com/aws/aws-sdk-go-v2/service/internal/checksum v1.11.5 h1:/TYsZXdA8UTa+WCtCYSAJIr1vwl0+eho6TUgJGwFFO8=
github.com/aws/aws-sdk-go-v2/service/internal/checksum v1.11.5/go.mod h1:qPqp1Uwd/BqdhPufv6oem9j5J7HNsgc2V22dUiDPn+s=
github.com/aws/aws-sdk-go-v2/service/internal/presigned-url v1.14.4 h1:29SvnfGhXjTl8ONxFwbj2rs6lbhiFXD2CgFQmbT/bXY=
github.com/aws/aws-sdk-go-v2/service/internal/presigned-url v1.14.4/go.mod h1:wm04I5DMuNVvZHFe/dHnUxincvNbbK7AiNBbYsQivek=
github.com/aws/aws-sdk-go-v2/service/internal/s3shared v1.20.4 h1:pPiWfgeNxqluKEph7hvU88kuGKBPOWzO+Dk9t2zqqNs=
github.com/aws/aws-sdk-go-v2/service/internal/s3shared v1.20.4/go.mod h1:YlwGoIUDG/3kBQbdNOVs/xKZ9J01G8e/6D1mRBj9uTk=
github.com/aws/aws-sdk-go-v2/service/s3 v1.114.0 h1:VMAdYqr4Jn/8ATs9BHC5riwrs0d6m1Z2ohFriSwZwm0=
github.com/aws/aws-sdk-go-v2/service/s3 v1.114.0/go.mod h1:9APRWGLFITKD+xzWSIyT9V7QV4bNlEuIieWlzXgGFlI=
github.com/aws/aws-sdk-go-v2/service/signin v1.10.1 h1:DzCCWLzcIRQ77F3DEUljud7bEjTgFOIKXP52NmVRyhU=
github.com/aws/aws-sdk-go-v2/service/signin v1.10.1/go.mod h1:xpo/geVldu8payT375WekctUzopG/hBU7miiqItMUlw=
github.com/aws/aws-sdk-go-v2/service/sso v1.38.1 h1:Umtl/0YZhng4xndfW3lKJrYYP7NLEjI6bGXVomwLcs0=
github.com/aws/aws-sdk-go-v2/service/sso v1.38.1/go.mod h1:rRD/dnm7q0HYE/I5TMaPgkWyyUGLcwuxHLABsLnQ3e0=
github.com/aws/aws-sdk-go-v2/service/ssooidc v1.43.1 h1:orIWdNiLgzrhu/11RcPPKO/SBzUUymbUQuZbSPImghg=
github.com/aws/aws-sdk-go-v2/service/ssooidc v1.43.1/go.mod h1:skwM/xsbR/1ReUTesv9BhpJp1VjajR7DWQnuVLwiXsQ=
github.com/aws/aws-sdk-go-v2/service/sts v1.51.1 h1:0HOqZXRvMytH6bFHVIc0oJX07sZjfhz0zXtjs6gdE8s=
github.com/aws/aws-sdk-go-v2/service/sts v1.51.1/go.mod h1:26zA0GhDrLo+yiLI2yXWxqB1PdsShfLikoI7GOEgugM=
github.com/aws/smithy-go v1.28.2 h1:myhcykQcatTul2B/zITjDk203G7t0awUAs1hVry5Bvg=
github.com/aws/smithy-go v1.28.2/go.mod h1:YE2RhdIuDbA5E5bTdciG9KrW3+TiEONeUWCqxX9i1Fc=
github.com/bwmarrin/discordgo v0.29.0 h1:FmWeXFaKUwrcL3Cx65c20bTRW+vOb6k8AnaP+EgjDno=
github.com/bwmarrin/discordgo v0.29.0/go.mod h1:NJZpH+1AfhIcyQsPeuBKsUtYrRnjkyu0kIVMCHkZtRY=
github.com/cespare/xxhash/v2 v2.3.0 h1:UL815xU9SqsFlibzuggzjXhog7bL6oX9BbNZnL2UFvs=
github.com/cespare/xxhash/v2 v2.3.0/go.mod h1:VGX0DQ3Q6kWi7AoAeZDth3/j3BFtOZR5XLFGgcrjCOs=
github.com/cncf/xds/go v0.0.0-20260202195803-dba9d589def2 h1:aBangftG7EVZoUb69Os8IaYg++6uMOdKK83QtkkvJik=
github.com/cncf/xds/go v0.0.0-20260202195803-dba9d589def2/go.mod h1:qwXFYgsP6T7XnJtbKlf1HP8AjxZZyzxMmc+Lq5GjlU4=
github.com/danielgtaylor/unistyle v0.0.0-20190218054314-fff153823f5f h1:/RUSA2SHz9uiGvlC4rNFcq70sUMtRCSWdSKWwwdh1tE=
github.com/danielgtaylor/unistyle v0.0.0-20190218054314-fff153823f5f/go.mod h1:r8vf7GBJohqAHruRRyvnuuh1mnqPEVoHMWvCu+D7t8U=
github.com/davecgh/go-spew v1.1.0/go.mod h1:J7Y8YcW2NihsgmVo/mv3lAwl/skON4iLHjSsI+c5H38=
github.com/davecgh/go-spew v1.1.1/go.mod h1:J7Y8YcW2NihsgmVo/mv3lAwl/skON4iLHjSsI+c5H38=
github.com/dsnet/compress v0.0.1 h1:PlZu0n3Tuv04TzpfPbrnI0HW/YwodEXDS+oPKahKF0Q=
github.com/dsnet/compress v0.0.1/go.mod h1:Aw8dCMJ7RioblQeTqt88akK31OvO8Dhf5JflhBbQEHo=
github.com/dsnet/golib v0.0.0-20171103203638-1ea166775780/go.mod h1:Lj+Z9rebOhdfkVLjJ8T6VcRQv3SXugXy999NBtR9aFY=
github.com/envoyproxy/go-control-plane v0.14.0 h1:hbG2kr4RuFj222B6+7T83thSPqLjwBIfQawTkC++2HA=
github.com/envoyproxy/go-control-plane v0.14.0/go.mod h1:NcS5X47pLl/hfqxU70yPwL9ZMkUlwlKxtAohpi2wBEU=
github.com/envoyproxy/go-control-plane/envoy v1.39.0 h1:1uwRDYPYG8BIBU9Mj1sUAebNmlM6beu/ZKKweSLDxk8=
github.com/envoyproxy/go-control-plane/envoy v1.39.0/go.mod h1:5e4ylfTZO723MEEFsCpSW4ZEBWR8mwkEyXfwJBTCZ9c=
github.com/envoyproxy/go-control-plane/ratelimit v0.1.0 h1:/G9QYbddjL25KvtKTv3an9lx6VBE2cnb8wp1vEGNYGI=
github.com/envoyproxy/go-control-plane/ratelimit v0.1.0/go.mod h1:Wk+tMFAFbCXaJPzVVHnPgRKdUdwW/KdbRt94AzgRee4=
github.com/envoyproxy/protoc-gen-validate v1.3.3 h1:MVQghNeW+LZcmXe7SY1V36Z+WFMDjpqGAGacLe2T0ds=
github.com/envoyproxy/protoc-gen-validate v1.3.3/go.mod h1:TsndJ/ngyIdQRhMcVVGDDHINPLWB7C82oDArY51KfB0=
github.com/extrame/ole2 v0.0.0-20160812065207-d69429661ad7 h1:n+nk0bNe2+gVbRI8WRbLFVwwcBQ0rr5p+gzkKb6ol8c=
github.com/extrame/ole2 v0.0.0-20160812065207-d69429661ad7/go.mod h1:GPpMrAfHdb8IdQ1/R2uIRBsNfnPnwsYE9YYI5WyY1zw=
github.com/extrame/xls v0.0.1 h1:jI7L/o3z73TyyENPopsLS/Jlekm3nF1a/kF5hKBvy/k=
github.com/extrame/xls v0.0.1/go.mod h1:iACcgahst7BboCpIMSpnFs4SKyU9ZjsvZBfNbUxZOJI=
github.com/fatih/color v1.16.0 h1:zmkK9Ngbjj+K0yRhTVONQh1p/HknKYSlNT+vZCzyokM=
github.com/fatih/color v1.16.0/go.mod h1:fL2Sau1YI5c0pdGEVCbKQbLXB6edEj1ZgiY4NijnWvE=
github.com/felixge/httpsnoop v1.1.0 h1:3YtUj32ZZkqZtt3sZZsClsymw/QDuVfpNhoA31zeORc=
github.com/felixge/httpsnoop v1.1.0/go.mod h1:Zqxgdd+1Rkcz8euOqdr7lqgCRJztwr5hp9vDSi5UZCE=
github.com/go-jose/go-jose/v4 v4.1.5 h1:RjgjO2LOtWOJKUC5wpwY9LR3B3vwVAz6JS2YHfYU6eA=
github.com/go-jose/go-jose/v4 v4.1.5/go.mod h1:x4oUasVrzR7071A4TnHLGSPpNOm2a21K9Kf04k1rs08=
github.com/go-logr/logr v1.2.2/go.mod h1:jdQByPbusPIv2/zmleS9BjJVeZ6kBagPoEUsqbVz/1A=
github.com/go-logr/logr v1.4.4 h1:tG4xh9yMsRCAiodLVTxyrkzSZ9+o0L1Kg/+cPVcbP/8=
github.com/go-logr/logr v1.4.4/go.mod h1:9T104GzyrTigFIr8wt5mBrctHMim0Nb2HLGrmQ40KvY=
github.com/go-logr/stdr v1.2.2 h1:hSWxHoqTgW2S2qGc0LTAI563KZ5YKYRhT3MFKZMbjag=
github.com/go-logr/stdr v1.2.2/go.mod h1:mMo/vtBO5dYbehREoey6XUKy/eSumjCCveDpRre4VKE=
github.com/golang/protobuf v1.5.4 h1:i7eJL8qZTpSEXOPTxNKhASYpMn+8e5Q6AdndVa1dWek=
github.com/golang/protobuf v1.5.4/go.mod h1:lnTiLA8Wa4RWRcIUkrtSVa5nRhsEGBg48fD6rSs7xps=
github.com/google/go-cmp v0.5.2/go.mod h1:v8dTdLbMG2kIc/vJvl+f65V22dbkXbowE6jgT/gNBxE=
github.com/google/go-cmp v0.7.0 h1:wk8382ETsv4JYUZwIsn6YpYiWiBsYLSJiTsyBybVuN8=
github.com/google/go-cmp v0.7.0/go.mod h1:pXiqmnSA92OHEEa9HXL2W4E7lf9JzCmGVUdgjX3N/iU=
github.com/google/go-querystring v1.1.0 h1:AnCroh3fv4ZBgVIf1Iwtovgjaw/GiKJo8M8yD/fhyJ8=
github.com/google/go-querystring v1.1.0/go.mod h1:Kcdr2DB4koayq7X8pmAG4sNG59So17icRSOU623lUBU=
github.com/google/martian/v3 v3.3.3 h1:DIhPTQrbPkgs2yJYdXU/eNACCG5DVQjySNRNlflZ9Fc=
github.com/google/martian/v3 v3.3.3/go.mod h1:iEPrYcgCF7jA9OtScMFQyAlZZ4YXTKEtJ1E6RWzmBA0=
github.com/google/s2a-go v0.1.10 h1:EMp+aOuXN6l8cE/gjF5Bt+vyZxsUuyCWe9chDWR/+uU=
github.com/google/s2a-go v0.1.10/go.mod h1:pz4tyvwXvJLLbyrkh6FW1eS2zPUXMaTmyNhYtyP2tNw=
github.com/google/uuid v1.6.0 h1:NIvaJDMOsjHA8n1jAhLSgzrAzy1Hgr+hNrb57e+94F0=
github.com/google/uuid v1.6.0/go.mod h1:TIyPZe4MgqvfeYDBFedMoGGpEw/LqOeaOT+nhxU+yHo=
github.com/googleapis/enterprise-certificate-proxy v0.3.22 h1:NU4XpII6jD+Dxcot94fqjE+AfJoE/lQP9q3faYGzC/c=
github.com/googleapis/enterprise-certificate-proxy v0.3.22/go.mod h1:L3D/IQExI6LqEjBdXcZQ1WluSgigQmSwBboFstVPM4w=
github.com/googleapis/gax-go/v2 v2.26.2 h1:ydkmNXxj7bEmmeK5AihkKnWxyOyBR9TDebvp5L5izk8=
github.com/googleapis/gax-go/v2 v2.26.2/go.mod h1:sMKqnMesnKH+3wiRJROcttA+cJoZoGbZl1vDQ8XYtGk=
github.com/gorilla/websocket v1.4.2/go.mod h1:YR8l580nyteQvAITg2hZ9XVh4b55+EU/adAjf1fMHhE=
github.com/gorilla/websocket v1.5.3 h1:saDtZ6Pbx/0u+bgYQ3q96pZgCzfhKXGPqt7kZ72aNNg=
github.com/gorilla/websocket v1.5.3/go.mod h1:YR8l580nyteQvAITg2hZ9XVh4b55+EU/adAjf1fMHhE=
github.com/hashicorp/go-cleanhttp v0.5.2 h1:035FKYIWjmULyFRBKPs8TBQoi0x6d9G4xc9neXJWAZQ=
github.com/hashicorp/go-cleanhttp v0.5.2/go.mod h1:kO/YDlP8L1346E6Sodw+PrpBSV4/SoxCXGY6BqNFT48=
github.com/hashicorp/go-hclog v1.6.3 h1:Qr2kF+eVWjTiYmU7Y31tYlP1h0q/X3Nl3tPGdaB11/k=
github.com/hashicorp/go-hclog v1.6.3/go.mod h1:W4Qnvbt70Wk/zYJryRzDRU/4r0kIg0PVHBcfoyhpF5M=
github.com/hashicorp/go-retryablehttp v0.7.8 h1:ylXZWnqa7Lhqpk0L1P1LzDtGcCR0rPVUrx/c8Unxc48=
github.com/hashicorp/go-retryablehttp v0.7.8/go.mod h1:rjiScheydd+CxvumBsIrFKlx3iS0jrZ7LvzFGFmuKbw=
github.com/klauspost/compress v1.4.1/go.mod h1:RyIbtBH6LamlWaDj8nUwkbUhJ87Yi3uG0guNDohfE1A=
github.com/klauspost/cpuid v1.2.0/go.mod h1:Pj4uuM528wm8OyEC2QMXAi2YiTZ96dNQPGgoMS4s3ek=
github.com/leemcloughlin/logfile v0.0.0-20201123203928-cff1c8a30a10 h1:u9y/Zac8wI/044pGaAx/rBgSkDWZ3ke3fkO/G9n/L/Q=
github.com/leemcloughlin/logfile v0.0.0-20201123203928-cff1c8a30a10/go.mod h1:4Zg3pQ6ieAWeBXbuiumGqLozM9slFT54ssmfXa2YfLI=
github.com/lib/pq v1.12.3 h1:tTWxr2YLKwIvK90ZXEw8GP7UFHtcbTtty8zsI+YjrfQ=
github.com/lib/pq v1.12.3/go.mod h1:/p+8NSbOcwzAEI7wiMXFlgydTwcgTr3OSKMsD2BitpA=
github.com/mackerelio/go-osstat v0.2.8 h1:I2duicTaCGWoM53XwAwA9OIe1inu0xnVs8/pqOWWVr4=
github.com/mackerelio/go-osstat v0.2.8/go.mod h1:SyS3XxKdoSKJnTGTkN5Yrh6VUQVuAURACfE6y+2DN4k=
github.com/mattn/go-colorable v0.1.14 h1:9A9LHSqF/7dyVVX6g0U9cwm9pG3kP9gSzcuIPHPsaIE=
github.com/mattn/go-colorable v0.1.14/go.mod h1:6LmQG8QLFO4G5z1gPvYEzlUgJ2wF+stgPZH1UqBm1s8=
github.com/mattn/go-isatty v0.0.20 h1:xfD0iDuEKnDkl03q4limB+vH+GxLEtL/jb4xVJSWWEY=
github.com/mattn/go-isatty v0.0.20/go.mod h1:W+V8PltTTMOvKvAeJH7IuucS94S2C6jfK/D7dTCTo3Y=
github.com/mileusna/useragent v1.3.5 h1:SJM5NzBmh/hO+4LGeATKpaEX9+b4vcGg2qXGLiNGDws=
github.com/mileusna/useragent v1.3.5/go.mod h1:3d8TOmwL/5I8pJjyVDteHtgDGcefrFUX4ccGOMKNYYc=
github.com/mroth/weightedrand/v2 v2.1.0 h1:o1ascnB1CIVzsqlfArQQjeMy1U0NcIbBO5rfd5E/OeU=
github.com/mroth/weightedrand/v2 v2.1.0/go.mod h1:f2faGsfOGOwc1p94wzHKKZyTpcJUW7OJ/9U4yfiNAOU=
github.com/mtgban/go-cardmarket v0.4.0 h1:Qt3g3U3HkJFk2ATiwTS1xuMFWOXBxCoBGbYj9KiEKN0=
github.com/mtgban/go-cardmarket v0.4.0/go.mod h1:FzFQ8zAm0w8vY8iaHJR47yGKBCQGQjKTzqM0Fz6hitw=
github.com/mtgban/go-mtgban v0.9.5 h1:cYE39x7CE8DVD+/Mg8SyvV8AaDrdGO3YwfTvw/9/2ZI=
github.com/mtgban/go-mtgban v0.9.5/go.mod h1:0lK+Baip589qUMSPQidXZ37QrNot4bk9/JB2bMMh4VI=
github.com/mtgban/go-tcgplayer v0.2.0 h1:n9/vE9yHDhJk0jI0xWddQaJxKlOOzUyfZJ4JJN+ubhc=
github.com/mtgban/go-tcgplayer v0.2.0/go.mod h1:R27t98OFgcBtz4SnKqoOvYx31UNZi1tGWmH1Hmu/SYI=
github.com/mtgban/simplecloud v0.1.1 h1:lSQUKMsV2YyGTIFJ+graatpLcbdkSpOXtL30EBOqAk8=
github.com/mtgban/simplecloud v0.1.1/go.mod h1:9mgc8qt+pU/+Ls/LQ1FS44RfHt0umR4+hDo7W/trlEA=
github.com/planetscale/vtprotobuf v0.6.1-0.20240319094008-0393e58bdf10 h1:GFCKgmp0tecUJ0sJuv4pzYCqS9+RGSn52M3FUwPs+uo=
github.com/planetscale/vtprotobuf v0.6.1-0.20240319094008-0393e58bdf10/go.mod h1:t/avpk3KcrXxUnYOhZhMXJlSEyie6gQbtLq5NM3loB8=
github.com/pmezard/go-difflib v1.0.0/go.mod h1:iKH77koFhYxTK1pcRnkKkqfTogsbg7gZNVY4sRDYZ/4=
github.com/richardlehane/mscfb v1.0.7 h1:oeoiM0WE79vHwE8RpIYYvIAc8ajTH2mb6UZm55/+EB0=
github.com/richardlehane/mscfb v1.0.7/go.mod h1:pe0+IUIc0AHh0+teNzBlJCtSyZdFOGgV4ZK9bsoV+Jo=
github.com/richardlehane/msoleps v1.0.6 h1:9BvkpjvD+iUBalUY4esMwv6uBkfOip/Lzvd93jvR9gg=
github.com/richardlehane/msoleps v1.0.6/go.mod h1:BWev5JBpU9Ko2WAgmZEuiz4/u3ZYTKbjLycmwiWUfWg=
github.com/spiffe/go-spiffe/v2 v2.8.2 h1:jUEsvCMD6fH25J8K/w3q/XnIx8W1lb8+YLaEEHIjHmc=
github.com/spiffe/go-spiffe/v2 v2.8.2/go.mod h1:w2CLWKLMTX/PPYUEUPv3ltH0RXsw5S8suwNF46w9/Aw=
github.com/stretchr/objx v0.1.0/go.mod h1:HFkY916IF+rwdDfMAkV7OtwuqBVzrE8GR6GFx+wExME=
github.com/stretchr/testify v1.3.0/go.mod h1:M5WIy9Dh21IEIfnGCwXGc5bZfKNJtfHm1UVUgZn+9EI=
github.com/stretchr/testify v1.6.1/go.mod h1:6Fq8oRcR53rry900zMqJjRRixrwX3KX962/h/Wwjteg=
github.com/stretchr/testify v1.12.1 h1:EuwCh5fleGS7H32xRwO3wRGT7DxrDhLAT6FF8MpWDWE=
github.com/stretchr/testify v1.12.1/go.mod h1:MDEgiDPPsNp5cuIrHPPCyornHKgEVbtFUmoNlxoYthg=
github.com/tiendc/go-deepcopy v1.7.2 h1:Ut2yYR7W9tWjTQitganoIue4UGxZwCcJy3orjrrIj44=
github.com/tiendc/go-deepcopy v1.7.2/go.mod h1:4bKjNC2r7boYOkD2IOuZpYjmlDdzjbpTRyCx+goBCJQ=
github.com/ulikunitz/xz v0.5.6/go.mod h1:2bypXElzHzzJZwzH67Y6wb67pO62Rzfn7BSiF4ABRW8=
github.com/ulikunitz/xz v0.5.17 h1:flR0y/x1hgM8EGV1AW3Xll6T413G0glV8UfBwR617V4=
github.com/ulikunitz/xz v0.5.17/go.mod h1:H9Rt/W6/Qj27PGauhQc6nfCDy7vHpzsOThBSaYDoEhw=
github.com/xi2/xz v0.0.0-20171230120015-48954b6210f8 h1:nIPpBwaJSVYIxUFsDv3M8ofmx9yWTog9BfvIu0q41lo=
github.com/xi2/xz v0.0.0-20171230120015-48954b6210f8/go.mod h1:HUYIGzjTL3rfEspMxjDjgmT5uz5wzYJKVo23qUhYTos=
github.com/xuri/efp v0.0.1 h1:fws5Rv3myXyYni8uwj2qKjVaRP30PdjeYe2Y6FDsCL8=
github.com/xuri/efp v0.0.1/go.mod h1:ybY/Jr0T0GTCnYjKqmdwxyxn2BQf2RcQIIvex5QldPI=
github.com/xuri/excelize/v2 v2.11.0 h1:HxaEFl6sRN2+8J5a8HaKq+0M4FsjBGMnWWtjOCPSG88=
github.com/xuri/excelize/v2 v2.11.0/go.mod h1:jxFLbzaIwGQ5ufFNvYfUOHqXhfPaNmP14KWfmNz2Uak=
github.com/xuri/nfp v0.0.2-0.20250530014748-2ddeb826f9a9 h1:+C0TIdyyYmzadGaL/HBLbf3WdLgC29pgyhTjAT/0nuE=
github.com/xuri/nfp v0.0.2-0.20250530014748-2ddeb826f9a9/go.mod h1:WwHg+CVyzlv/TX9xqBFXEZAuxOPxn2k1GNHwG41IIUQ=
go.opentelemetry.io/auto/sdk v1.2.1 h1:jXsnJ4Lmnqd11kwkBV2LgLoFMZKizbCi5fNZ/ipaZ64=
go.opentelemetry.io/auto/sdk v1.2.1/go.mod h1:KRTj+aOaElaLi+wW1kO/DZRXwkF4C5xPbEe3ZiIhN7Y=
go.opentelemetry.io/contrib/detectors/gcp v1.46.0 h1:PI8dGkqDaQkwJ8kOopqMhDTbrnK3UIeG/RCHH4HErbo=
go.opentelemetry.io/contrib/detectors/gcp v1.46.0/go.mod h1:nsrN5c/sOLoY2vsPxN/rQ0V0nvGrWJCqcW4UXLtqNG8=
go.opentelemetry.io/contrib/instrumentation/google.golang.org/grpc/otelgrpc v0.71.0 h1:B2h3uqicet1CT2N5TOFhS+Gq++9i0/CLmaxvhmhtP5s=
go.opentelemetry.io/contrib/instrumentation/google.golang.org/grpc/otelgrpc v0.71.0/go.mod h1:dylvB+ZiiwMvsDij9O84Uy7SijLgHMX4mbkncds+4Sw=
go.opentelemetry.io/contrib/instrumentation/net/http/otelhttp v0.71.0 h1:3g7B90UzBltIDKq1/5mrTGxTnOFDV0ICOhLoxiZ8jlg=
go.opentelemetry.io/contrib/instrumentation/net/http/otelhttp v0.71.0/go.mod h1:Ef8SuTh59BT7+ofpDxN9z+yOlc4t2GjLmKDgYNJL/NU=
go.opentelemetry.io/otel v1.46.0 h1:FHt5/CDyVxi/8IM1CH7VE/rRgq3kLHa2mSTVMO8AWyc=
go.opentelemetry.io/otel v1.46.0/go.mod h1:Gj3SEScelsNC45tp4nSxRYlS+f5iez7W8XPMCt905kE=
go.opentelemetry.io/otel/exporters/stdout/stdoutmetric v1.45.0 h1:dm9iyzn6tioYZtwqaiBSU0TSI8Yu/8dTIbfG0+B49DY=
go.opentelemetry.io/otel/exporters/stdout/stdoutmetric v1.45.0/go.mod h1:xAvxYjYK28qvt+yu4BYZ/zMmAjwMXINXD6JiMyeB8iI=
go.opentelemetry.io/otel/metric v1.46.0 h1:yBnkXvgV7AXFILZc5K6IZe/CBFF3OS7BJ8ov6/lj0K8=
go.opentelemetry.io/otel/metric v1.46.0/go.mod h1:iPmdWqifKUdzziPkvvzIJXITl56fQx2mGM/DHLB3/2o=
go.opentelemetry.io/otel/metric/x v0.68.0 h1:TA/cBT23D3MnxYPwHL7YFOdYGdx0A0v+s7Mzotpd1dU=
go.opentelemetry.io/otel/metric/x v0.68.0/go.mod h1:agudOmvWhwUTjgibWDzxD2PoWYnpw5Ht5jISYOD2Hd4=
go.opentelemetry.io/otel/sdk v1.46.0 h1:h5CNQQjEbuQXY/JfZtgt3i7HVFV3aHPO2OAwO2eTYPI=
go.opentelemetry.io/otel/sdk v1.46.0/go.mod h1:GAERFXFt5SYCEB+YiKUbMBeza6UaDH7GmGOZEfh2gSM=
go.opentelemetry.io/otel/sdk/metric v1.46.0 h1:0piZ26EG4RBfebb2jhDH6ERCYHoVWduc3kLgPCwSnSE=
go.opentelemetry.io/otel/sdk/metric v1.46.0/go.mod h1:I1PbKrdVc8Qu8HYVDNtqVIwLwjNrhsV/uFuxfwg8mO4=
go.opentelemetry.io/otel/trace v1.46.0 h1:OULy7ccdJnZtJ0UDYFOIGaCmiWzJ8Vi2G/Rsu60qs1c=
go.opentelemetry.io/otel/trace v1.46.0/go.mod h1:J7GAXweO77XSFkB/rmAqk9D6ihszhFjLU+d9WuUxDLI=
go.uber.org/atomic v1.7.0 h1:ADUqmZGgLDDfbSL9ZmPxKTybcoEYHgpYfELNoN+7hsw=
go.uber.org/atomic v1.7.0/go.mod h1:fEN4uk6kAWBTFdckzkM89CLk9XfWZrxpCo0nPH17wJc=
go.uber.org/ratelimit v0.2.0 h1:UQE2Bgi7p2B85uP5dC2bbRtig0C+OeNRnNEafLjsLPA=
go.uber.org/ratelimit v0.2.0/go.mod h1:YYBV4e4naJvhpitQrWJu1vCpgB7CboMe0qhltKt6mUg=
go.yaml.in/yaml/v3 v3.0.5 h1:N6y/pJk8buWs9NY5ERU2HSMfm+IuD/OtfdAnq6kESPw=
go.yaml.in/yaml/v3 v3.0.5/go.mod h1:HVTZu1O7/Vkt2N+BFy8Zza+lnLsABggaTM2ZpNIGuKg=
golang.org/x/crypto v0.0.0-20210421170649-83a5a9bb288b/go.mod h1:T9bdIzuCu7OtxOm1hfPfRQxPLYneinmdGuTeoZ9dtd4=
golang.org/x/crypto v0.57.0 h1:3ZVCjf8Ggz7zneR/EHRVx68Ctf+2pmIMP2UFhh9cC6M=
golang.org/x/crypto v0.57.0/go.mod h1:Fdz0i5U6CoizGwLda9DttjSk6qlZo25zYNtR+ycvuZA=
golang.org/x/image v0.38.0 h1:5l+q+Y9JDC7mBOMjo4/aPhMDcxEptsX+Tt3GgRQRPuE=
golang.org/x/image v0.38.0/go.mod h1:/3f6vaXC+6CEanU4KJxbcUZyEePbyKbaLoDOe4ehFYY=
golang.org/x/net v0.0.0-20210226172049-e18ecbb05110/go.mod h1:m0MpNAwzfU5UDzcl9v0D8zg8gWTRqZa9RBIspLL5mdg=
golang.org/x/net v0.59.0 h1:5zfYln+w5XCxwrnMMJPufRgNoXEaGxl0wo5GqPXyues=
golang.org/x/net v0.59.0/go.mod h1:2DA/G1UfVbCpQPeWTmMPGY7Cs2PkBkwu743bVX5PIVg=
golang.org/x/oauth2 v0.37.0 h1:JUlcxA8oAtauLfiH8FX2/FkAWHAdi0QtGCGc+hofE98=
golang.org/x/oauth2 v0.37.0/go.mod h1:IxwZNxUULJmpBFf9K/9NTMSIfZZuvuTy1gGxhigP/58=
golang.org/x/sync v0.23.0 h1:KameEIfc1IkluZyXWLn39Wd4tURc6GbCiISGiZm2bQk=
golang.org/x/sync v0.23.0/go.mod h1:sUUOizhqBxiL6pEWpqNLUiaJn1ShEbZ6BBqskPbjZm0=
golang.org/x/sys v0.0.0-20201119102817-f84b799fce68/go.mod h1:h1NjWce9XRLGQEsW7wpKNCjG9DtNlClVuFLEZdDNbEs=
golang.org/x/sys v0.48.0 h1:bbX/i/6MgT9BVLM9RT1thmxL04yeTAhbEz4SyadbXoo=
golang.org/x/sys v0.48.0/go.mod h1:hNLxWAXmnKAxqDtdwIYC4bM9oQPEecfsnNMuSxOs3og=
golang.org/x/term v0.0.0-20201126162022-7de9c90e9dd1/go.mod h1:bj7SfCRtBDWHUb9snDiAeCFNEtKQo2Wmx5Cou7ajbmo=
golang.org/x/text v0.3.3/go.mod h1:5Zoc/QRtKVWzQhOtBMvqHzDpF6irO9z98xDceosuGiQ=
golang.org/x/text v0.42.0 h1:JbOZXgfeCPU9gacVtYliJqOhD+zhrEqK4LfdpmlUZqI=
golang.org/x/text v0.42.0/go.mod h1:ojzP1Z+2QtioaF8DTtO8K5q7JWVVYwZKenzujK0Zd0E=
golang.org/x/time v0.16.0 h1:vMb6ptszcQMkcwiRTAuNNU50gom6++Q/6gY2hDM6VDE=
golang.org/x/time v0.16.0/go.mod h1:rVKOqvZeKvrDKTQiAHJ7wmwP0RzleSphoEA9RcdLA0s=
golang.org/x/tools v0.0.0-20180917221912-90fa682c2a6e/go.mod h1:n7NCudcB/nEzxVGmLbDWY5pfWTLqBcC2KZ6jyYvM4mQ=
golang.org/x/xerrors v0.0.0-20191204190536-9bdfabe68543/go.mod h1:I/5z698sn9Ka8TeJc9MKroUUfqBBauWjQqLJ2OPfmY0=
gonum.org/v1/gonum v0.17.0 h1:VbpOemQlsSMrYmn7T2OUvQ4dqxQXU+ouZFQsZOx50z4=
gonum.org/v1/gonum v0.17.0/go.mod h1:El3tOrEuMpv2UdMrbNlKEh9vd86bmQ6vqIcDwxEOc1E=
google.golang.org/api v0.298.0 h1:YW18RkHBMZBA1ergX0m4biagzgbiPTb2uTsRsDPWNRY=
google.golang.org/api v0.298.0/go.mod h1:02qB8+Ox1ZFzcaKFMguy1nQLJmSIyvV6Ff4txJEXtl4=
google.golang.org/genproto v0.0.0-20260928230214-8a89bd6388cc h1:MBreUmlUQ+UROuto7tVQeNrZxy9ZxJsajKJQwWa8mLE=
google.golang.org/genproto v0.0.0-20260928230214-8a89bd6388cc/go.mod h1:JUQe2nbekxMCka0JpW+abO6SMvrY4Gk3+Cnl84QtcCg=
google.golang.org/genproto/googleapis/api v0.0.0-20260928230214-8a89bd6388cc h1:rZHRz0ogq4Pid1IKtA/ivHi8XONVF5tqUQXA2TtgpkE=
google.golang.org/genproto/googleapis/api v0.0.0-20260928230214-8a89bd6388cc/go.mod h1:K/n0XLazCJHjD73YuMyNJsN38BPPy1kfFnKxUXaThFU=
google.golang.org/genproto/googleapis/rpc v0.0.0-20260928230214-8a89bd6388cc h1:4bNTbnb44EqGVy9HaQxSY2jnafSUdgV3qHtedvNpDKg=
google.golang.org/genproto/googleapis/rpc v0.0.0-20260928230214-8a89bd6388cc/go.mod h1:OaIUM3+LpYcK2GXM4FTmhWoIq371Owdr+Cc7/BsYHHc=
google.golang.org/grpc v1.83.2 h1:EManeRomTObA0BU7I8vXgg/78uE5MJ9M8B39EX2WscU=
google.golang.org/grpc v1.83.2/go.mod h1:YPI1hK3kDked6iHvgX3tR0y+nX/qpMFKhPgFsokw1S8=
google.golang.org/protobuf v1.36.12 h1:pJOKDDOyeXErUroCihFAd5LQuwXBSpVnKGrj5o/fwxc=
google.golang.org/protobuf v1.36.12/go.mod h1:HTf+CrKn2C3g5S8VImy6tdcUvCska2kB7j23XfzDpco=
gopkg.in/Iwark/spreadsheet.v2 v2.0.0-20230915040305-7677e8164883 h1:P76GtA9CSDE7tooNd+JRcG5Qzxq8Y236qtgCBxN8WRM=
gopkg.in/Iwark/spreadsheet.v2 v2.0.0-20230915040305-7677e8164883/go.mod h1:AJiLW20RvjD8NFw7OxNQFAWXlvIJeb9TDTGBsfCzFcM=
gopkg.in/check.v1 v0.0.0-20161208181325-20d25e280405/go.mod h1:Co6ibVJAznAaIkqp8huTwlJQCZ016jof/cbN4VW5Yz0=
gopkg.in/robfig/cron.v2 v2.0.0-20150107220207-be2e0b0deed5 h1:E846t8CnR+lv5nE+VuiKTDG/v1U2stad0QzddfJC7kY=
gopkg.in/robfig/cron.v2 v2.0.0-20150107220207-be2e0b0deed5/go.mod h1:hiOFpYm0ZJbusNj2ywpbrXowU3G8U6GIQzqn2mw1UIE=
gopkg.in/yaml.v3 v3.0.0-20200313102051-9f266ea9e77c/go.mod h1:K4uyk7z7BCEPqu6E+C64Yfv1cQ7kz7rIZviUmN+EgEM=
